// !$*UTF8*$!
{
	archiveVersion = 1;
	classes = {
	};
	objectVersion = 55;
	objects = {

/* Begin PBXBuildFile section */
		30100E1A286F54AD00446620 /* UIViewController+Ext.swift in Sources */ = {isa = PBXBuildFile; fileRef = 30100E19286F54AD00446620 /* UIViewController+Ext.swift */; };
		3072FC46286E3766002E6132 /* FlickDetailViewController.swift in Sources */ = {isa = PBXBuildFile; fileRef = 3072FC45286E3766002E6132 /* FlickDetailViewController.swift */; };
		309745E428691BED00FF5C2E /* AppDelegate.swift in Sources */ = {isa = PBXBuildFile; fileRef = 309745E328691BED00FF5C2E /* AppDelegate.swift */; };
		309745E628691BED00FF5C2E /* SceneDelegate.swift in Sources */ = {isa = PBXBuildFile; fileRef = 309745E528691BED00FF5C2E /* SceneDelegate.swift */; };
		309745E828691BED00FF5C2E /* MapViewController.swift in Sources */ = {isa = PBXBuildFile; fileRef = 309745E728691BED00FF5C2E /* MapViewController.swift */; };
		309745EB28691BED00FF5C2E /* Main.storyboard in Resources */ = {isa = PBXBuildFile; fileRef = 309745E928691BED00FF5C2E /* Main.storyboard */; };
		309745ED28691BEE00FF5C2E /* Assets.xcassets in Resources */ = {isa = PBXBuildFile; fileRef = 309745EC28691BEE00FF5C2E /* Assets.xcassets */; };
		309745F028691BEE00FF5C2E /* LaunchScreen.storyboard in Resources */ = {isa = PBXBuildFile; fileRef = 309745EE28691BEE00FF5C2E /* LaunchScreen.storyboard */; };
		309745FB28691BEE00FF5C2E /* VirtualTouristTests.swift in Sources */ = {isa = PBXBuildFile; fileRef = 309745FA28691BEE00FF5C2E /* VirtualTouristTests.swift */; };
		3097460528691BEE00FF5C2E /* VirtualTouristUITests.swift in Sources */ = {isa = PBXBuildFile; fileRef = 3097460428691BEE00FF5C2E /* VirtualTouristUITests.swift */; };
		3097460728691BEE00FF5C2E /* VirtualTouristUITestsLaunchTests.swift in Sources */ = {isa = PBXBuildFile; fileRef = 3097460628691BEE00FF5C2E /* VirtualTouristUITestsLaunchTests.swift */; };
		3097461728691D1500FF5C2E /* AlbumViewController.swift in Sources */ = {isa = PBXBuildFile; fileRef = 3097461628691D1500FF5C2E /* AlbumViewController.swift */; };
		3097461928691E2900FF5C2E /* CoreDataController.swift in Sources */ = {isa = PBXBuildFile; fileRef = 3097461828691E2900FF5C2E /* CoreDataController.swift */; };
		3097461E2869225200FF5C2E /* FlickrAPI.swift in Sources */ = {isa = PBXBuildFile; fileRef = 3097461D2869225200FF5C2E /* FlickrAPI.swift */; };
		309746212869235D00FF5C2E /* FlickrDataModel.xcdatamodeld in Sources */ = {isa = PBXBuildFile; fileRef = 3097461F2869235D00FF5C2E /* FlickrDataModel.xcdatamodeld */; };
		309746242869309400FF5C2E /* FlickrSearchResponse.swift in Sources */ = {isa = PBXBuildFile; fileRef = 309746232869309400FF5C2E /* FlickrSearchResponse.swift */; };
		30D38EAA286A5E53002688CC /* FlickrAnnotation.swift in Sources */ = {isa = PBXBuildFile; fileRef = 30D38EA9286A5E53002688CC /* FlickrAnnotation.swift */; };
		30D38EAC286A6159002688CC /* AlbumCollectionViewCell.swift in Sources */ = {isa = PBXBuildFile; fileRef = 30D38EAB286A6159002688CC /* AlbumCollectionViewCell.swift */; };
/* End PBXBuildFile section */

/* Begin PBXContainerItemProxy section */
		309745F728691BEE00FF5C2E /* PBXContainerItemProxy */ = {
			isa = PBXContainerItemProxy;
			containerPortal = 309745D828691BED00FF5C2E /* Project object */;
			proxyType = 1;
			remoteGlobalIDString = 309745DF28691BED00FF5C2E;
			remoteInfo = VirtualTourist;
		};
		3097460128691BEE00FF5C2E /* PBXContainerItemProxy */ = {
			isa = PBXContainerItemProxy;
			containerPortal = 309745D828691BED00FF5C2E /* Project object */;
			proxyType = 1;
			remoteGlobalIDString = 309745DF28691BED00FF5C2E;
			remoteInfo = VirtualTourist;
		};
/* End PBXContainerItemProxy section */

/* Begin PBXFileReference section */
		30100E19286F54AD00446620 /* UIViewController+Ext.swift */ = {isa = PBXFileReference; lastKnownFileType = sourcecode.swift; path = "UIViewController+Ext.swift"; sourceTree = "<group>"; };
		3072FC45286E3766002E6132 /* FlickDetailViewController.swift */ = {isa = PBXFileReference; lastKnownFileType = sourcecode.swift; path = FlickDetailViewController.swift; sourceTree = "<group>"; };
		309745E028691BED00FF5C2E /* VirtualTourist.app */ = {isa = PBXFileReference; explicitFileType = wrapper.application; includeInIndex = 0; path = VirtualTourist.app; sourceTree = BUILT_PRODUCTS_DIR; };
		309745E328691BED00FF5C2E /* AppDelegate.swift */ = {isa = PBXFileReference; lastKnownFileType = sourcecode.swift; path = AppDelegate.swift; sourceTree = "<group>"; };
		309745E528691BED00FF5C2E /* SceneDelegate.swift */ = {isa = PBXFileReference; lastKnownFileType = sourcecode.swift; path = SceneDelegate.swift; sourceTree = "<group>"; };
		309745E728691BED00FF5C2E /* MapViewController.swift */ = {isa = PBXFileReference; lastKnownFileType = sourcecode.swift; path = MapViewController.swift; sourceTree = "<group>"; };
		309745EA28691BED00FF5C2E /* Base */ = {isa = PBXFileReference; lastKnownFileType = file.storyboard; name = Base; path = Base.lproj/Main.storyboard; sourceTree = "<group>"; };
		309745EC28691BEE00FF5C2E /* Assets.xcassets */ = {isa = PBXFileReference; lastKnownFileType = folder.assetcatalog; path = Assets.xcassets; sourceTree = "<group>"; };
		309745EF28691BEE00FF5C2E /* Base */ = {isa = PBXFileReference; lastKnownFileType = file.storyboard; name = Base; path = Base.lproj/LaunchScreen.storyboard; sourceTree = "<group>"; };
		309745F128691BEE00FF5C2E /* Info.plist */ = {isa = PBXFileReference; lastKnownFileType = text.plist.xml; path = Info.plist; sourceTree = "<group>"; };
		309745F628691BEE00FF5C2E /* VirtualTouristTests.xctest */ = {isa = PBXFileReference; explicitFileType = wrapper.cfbundle; includeInIndex = 0; path = VirtualTouristTests.xctest; sourceTree = BUILT_PRODUCTS_DIR; };
		309745FA28691BEE00FF5C2E /* VirtualTouristTests.swift */ = {isa = PBXFileReference; lastKnownFileType = sourcecode.swift; path = VirtualTouristTests.swift; sourceTree = "<group>"; };
		3097460028691BEE00FF5C2E /* VirtualTouristUITests.xctest */ = {isa = PBXFileReference; explicitFileType = wrapper.cfbundle; includeInIndex = 0; path = VirtualTouristUITests.xctest; sourceTree = BUILT_PRODUCTS_DIR; };
		3097460428691BEE00FF5C2E /* VirtualTouristUITests.swift */ = {isa = PBXFileReference; lastKnownFileType = sourcecode.swift; path = VirtualTouristUITests.swift; sourceTree = "<group>"; };
		3097460628691BEE00FF5C2E /* VirtualTouristUITestsLaunchTests.swift */ = {isa = PBXFileReference; lastKnownFileType = sourcecode.swift; path = VirtualTouristUITestsLaunchTests.swift; sourceTree = "<group>"; };
		3097461628691D1500FF5C2E /* AlbumViewController.swift */ = {isa = PBXFileReference; lastKnownFileType = sourcecode.swift; path = AlbumViewController.swift; sourceTree = "<group>"; };
		3097461828691E2900FF5C2E /* CoreDataController.swift */ = {isa = PBXFileReference; lastKnownFileType = sourcecode.swift; path = CoreDataController.swift; sourceTree = "<group>"; };
		3097461D2869225200FF5C2E /* FlickrAPI.swift */ = {isa = PBXFileReference; lastKnownFileType = sourcecode.swift; path = FlickrAPI.swift; sourceTree = "<group>"; };
		309746202869235D00FF5C2E /* FlickrDataModel.xcdatamodel */ = {isa = PBXFileReference; lastKnownFileType = wrapper.xcdatamodel; path = FlickrDataModel.xcdatamodel; sourceTree = "<group>"; };
		309746232869309400FF5C2E /* FlickrSearchResponse.swift */ = {isa = PBXFileReference; lastKnownFileType = sourcecode.swift; path = FlickrSearchResponse.swift; sourceTree = "<group>"; };
		30D38EA9286A5E53002688CC /* FlickrAnnotation.swift */ = {isa = PBXFileReference; lastKnownFileType = sourcecode.swift; path = FlickrAnnotation.swift; sourceTree = "<group>"; };
		30D38EAB286A6159002688CC /* AlbumCollectionViewCell.swift */ = {isa = PBXFileReference; lastKnownFileType = sourcecode.swift; path = AlbumCollectionViewCell.swift; sourceTree = "<group>"; };
/* End PBXFileReference section */

/* Begin PBXFrameworksBuildPhase section */
		309745DD28691BED00FF5C2E /* Frameworks */ = {
			isa = PBXFrameworksBuildPhase;
			buildActionMask = 2147483647;
			files = (
			);
			runOnlyForDeploymentPostprocessing = 0;
		};
		309745F328691BEE00FF5C2E /* Frameworks */ = {
			isa = PBXFrameworksBuildPhase;
			buildActionMask = 2147483647;
			files = (
			);
			runOnlyForDeploymentPostprocessing = 0;
		};
		309745FD28691BEE00FF5C2E /* Frameworks */ = {
			isa = PBXFrameworksBuildPhase;
			buildActionMask = 2147483647;
			files = (
			);
			runOnlyForDeploymentPostprocessing = 0;
		};
/* End PBXFrameworksBuildPhase section */

/* Begin PBXGroup section */
		309745D728691BED00FF5C2E = {
			isa = PBXGroup;
			children = (
				309745E228691BED00FF5C2E /* VirtualTourist */,
				309745F928691BEE00FF5C2E /* VirtualTouristTests */,
				3097460328691BEE00FF5C2E /* VirtualTouristUITests */,
				309745E128691BED00FF5C2E /* Products */,
			);
			sourceTree = "<group>";
		};
		309745E128691BED00FF5C2E /* Products */ = {
			isa = PBXGroup;
			children = (
				309745E028691BED00FF5C2E /* VirtualTourist.app */,
				309745F628691BEE00FF5C2E /* VirtualTouristTests.xctest */,
				3097460028691BEE00FF5C2E /* VirtualTouristUITests.xctest */,
			);
			name = Products;
			sourceTree = "<group>";
		};
		309745E228691BED00FF5C2E /* VirtualTourist */ = {
			isa = PBXGroup;
			children = (
				309745E328691BED00FF5C2E /* AppDelegate.swift */,
				309745E528691BED00FF5C2E /* SceneDelegate.swift */,
				3097461C2869223B00FF5C2E /* Networking */,
				3097461528691C1000FF5C2E /* Model */,
				3097461328691C0000FF5C2E /* View */,
				3097461428691C0800FF5C2E /* Controller */,
				309745F128691BEE00FF5C2E /* Info.plist */,
			);
			path = VirtualTourist;
			sourceTree = "<group>";
		};
		309745F928691BEE00FF5C2E /* VirtualTouristTests */ = {
			isa = PBXGroup;
			children = (
				309745FA28691BEE00FF5C2E /* VirtualTouristTests.swift */,
			);
			path = VirtualTouristTests;
			sourceTree = "<group>";
		};
		3097460328691BEE00FF5C2E /* VirtualTouristUITests */ = {
			isa = PBXGroup;
			children = (
				3097460428691BEE00FF5C2E /* VirtualTouristUITests.swift */,
				3097460628691BEE00FF5C2E /* VirtualTouristUITestsLaunchTests.swift */,
			);
			path = VirtualTouristUITests;
			sourceTree = "<group>";
		};
		3097461328691C0000FF5C2E /* View */ = {
			isa = PBXGroup;
			children = (
				309745E928691BED00FF5C2E /* Main.storyboard */,
				309745EC28691BEE00FF5C2E /* Assets.xcassets */,
				309745EE28691BEE00FF5C2E /* LaunchScreen.storyboard */,
				30D38EAB286A6159002688CC /* AlbumCollectionViewCell.swift */,
			);
			path = View;
			sourceTree = "<group>";
		};
		3097461428691C0800FF5C2E /* Controller */ = {
			isa = PBXGroup;
			children = (
				309745E728691BED00FF5C2E /* MapViewController.swift */,
				3097461628691D1500FF5C2E /* AlbumViewController.swift */,
				3072FC45286E3766002E6132 /* FlickDetailViewController.swift */,
				30100E19286F54AD00446620 /* UIViewController+Ext.swift */,
			);
			path = Controller;
			sourceTree = "<group>";
		};
		3097461528691C1000FF5C2E /* Model */ = {
			isa = PBXGroup;
			children = (
				30D38EA8286A5C01002688CC /* CoreData */,
				30D38EA9286A5E53002688CC /* FlickrAnnotation.swift */,
			);
			path = Model;
			sourceTree = "<group>";
		};
		3097461C2869223B00FF5C2E /* Networking */ = {
			isa = PBXGroup;
			children = (
				3097461D2869225200FF5C2E /* FlickrAPI.swift */,
				309746232869309400FF5C2E /* FlickrSearchResponse.swift */,
			);
			path = Networking;
			sourceTree = "<group>";
		};
		30D38EA8286A5C01002688CC /* CoreData */ = {
			isa = PBXGroup;
			children = (
				3097461828691E2900FF5C2E /* CoreDataController.swift */,
				3097461F2869235D00FF5C2E /* FlickrDataModel.xcdatamodeld */,
			);
			path = CoreData;
			sourceTree = "<group>";
		};
/* End PBXGroup section */

/* Begin PBXNativeTarget section */
		309745DF28691BED00FF5C2E /* VirtualTourist */ = {
			isa = PBXNativeTarget;
			buildConfigurationList = 3097460A28691BEE00FF5C2E /* Build configuration list for PBXNativeTarget "VirtualTourist" */;
			buildPhases = (
				309745DC28691BED00FF5C2E /* Sources */,
				309745DD28691BED00FF5C2E /* Frameworks */,
				309745DE28691BED00FF5C2E /* Resources */,
			);
			buildRules = (
			);
			dependencies = (
			);
			name = VirtualTourist;
			productName = VirtualTourist;
			productReference = 309745E028691BED00FF5C2E /* VirtualTourist.app */;
			productType = "com.apple.product-type.application";
		};
		309745F528691BEE00FF5C2E /* VirtualTouristTests */ = {
			isa = PBXNativeTarget;
			buildConfigurationList = 3097460D28691BEE00FF5C2E /* Build configuration list for PBXNativeTarget "VirtualTouristTests" */;
			buildPhases = (
				309745F228691BEE00FF5C2E /* Sources */,
				309745F328691BEE00FF5C2E /* Frameworks */,
				309745F428691BEE00FF5C2E /* Resources */,
			);
			buildRules = (
			);
			dependencies = (
				309745F828691BEE00FF5C2E /* PBXTargetDependency */,
			);
			name = VirtualTouristTests;
			productName = VirtualTouristTests;
			productReference = 309745F628691BEE00FF5C2E /* VirtualTouristTests.xctest */;
			productType = "com.apple.product-type.bundle.unit-test";
		};
		309745FF28691BEE00FF5C2E /* VirtualTouristUITests */ = {
			isa = PBXNativeTarget;
			buildConfigurationList = 3097461028691BEE00FF5C2E /* Build configuration list for PBXNativeTarget "VirtualTouristUITests" */;
			buildPhases = (
				309745FC28691BEE00FF5C2E /* Sources */,
				309745FD28691BEE00FF5C2E /* Frameworks */,
				309745FE28691BEE00FF5C2E /* Resources */,
			);
			buildRules = (
			);
			dependencies = (
				3097460228691BEE00FF5C2E /* PBXTargetDependency */,
			);
			name = VirtualTouristUITests;
			productName = VirtualTouristUITests;
			productReference = 3097460028691BEE00FF5C2E /* VirtualTouristUITests.xctest */;
			productType = "com.apple.product-type.bundle.ui-testing";
		};
/* End PBXNativeTarget section */

/* Begin PBXProject section */
		309745D828691BED00FF5C2E /* Project object */ = {
			isa = PBXProject;
			attributes = {
				BuildIndependentTargetsInParallel = 1;
				LastSwiftUpdateCheck = 1340;
				LastUpgradeCheck = 1340;
				TargetAttributes = {
					309745DF28691BED00FF5C2E = {
						CreatedOnToolsVersion = 13.4.1;
					};
					309745F528691BEE00FF5C2E = {
						CreatedOnToolsVersion = 13.4.1;
						TestTargetID = 309745DF28691BED00FF5C2E;
					};
					309745FF28691BEE00FF5C2E = {
						CreatedOnToolsVersion = 13.4.1;
						TestTargetID = 309745DF28691BED00FF5C2E;
					};
				};
			};
			buildConfigurationList = 309745DB28691BED00FF5C2E /* Build configuration list for PBXProject "VirtualTourist" */;
			compatibilityVersion = "Xcode 13.0";
			developmentRegion = en;
			hasScannedForEncodings = 0;
			knownRegions = (
				en,
				Base,
			);
			mainGroup = 309745D728691BED00FF5C2E;
			productRefGroup = 309745E128691BED00FF5C2E /* Products */;
			projectDirPath = "";
			projectRoot = "";
			targets = (
				309745DF28691BED00FF5C2E /* VirtualTourist */,
				309745F528691BEE00FF5C2E /* VirtualTouristTests */,
				309745FF28691BEE00FF5C2E /* VirtualTouristUITests */,
			);
		};
/* End PBXProject section */

/* Begin PBXResourcesBuildPhase section */
		309745DE28691BED00FF5C2E /* Resources */ = {
			isa = PBXResourcesBuildPhase;
			buildActionMask = 2147483647;
			files = (
				309745F028691BEE00FF5C2E /* LaunchScreen.storyboard in Resources */,
				309745ED28691BEE00FF5C2E /* Assets.xcassets in Resources */,
				309745EB28691BED00FF5C2E /* Main.storyboard in Resources */,
			);
			runOnlyForDeploymentPostprocessing = 0;
		};
		309745F428691BEE00FF5C2E /* Resources */ = {
			isa = PBXResourcesBuildPhase;
			buildActionMask = 2147483647;
			files = (
			);
			runOnlyForDeploymentPostprocessing = 0;
		};
		309745FE28691BEE00FF5C2E /* Resources */ = {
			isa = PBXResourcesBuildPhase;
			buildActionMask = 2147483647;
			files = (
			);
			runOnlyForDeploymentPostprocessing = 0;
		};
/* End PBXResourcesBuildPhase section */

/* Begin PBXSourcesBuildPhase section */
		309745DC28691BED00FF5C2E /* Sources */ = {
			isa = PBXSourcesBuildPhase;
			buildActionMask = 2147483647;
			files = (
				30D38EAA286A5E53002688CC /* FlickrAnnotation.swift in Sources */,
				309745E828691BED00FF5C2E /* MapViewController.swift in Sources */,
				30100E1A286F54AD00446620 /* UIViewController+Ext.swift in Sources */,
				309746212869235D00FF5C2E /* FlickrDataModel.xcdatamodeld in Sources */,
				3072FC46286E3766002E6132 /* FlickDetailViewController.swift in Sources */,
				309745E428691BED00FF5C2E /* AppDelegate.swift in Sources */,
				30D38EAC286A6159002688CC /* AlbumCollectionViewCell.swift in Sources */,
				3097461928691E2900FF5C2E /* CoreDataController.swift in Sources */,
				3097461E2869225200FF5C2E /* FlickrAPI.swift in Sources */,
				309746242869309400FF5C2E /* FlickrSearchResponse.swift in Sources */,
				3097461728691D1500FF5C2E /* AlbumViewController.swift in Sources */,
				309745E628691BED00FF5C2E /* SceneDelegate.swift in Sources */,
			);
			runOnlyForDeploymentPostprocessing = 0;
		};
		309745F228691BEE00FF5C2E /* Sources */ = {
			isa = PBXSourcesBuildPhase;
			buildActionMask = 2147483647;
			files = (
				309745FB28691BEE00FF5C2E /* VirtualTouristTests.swift in Sources */,
			);
			runOnlyForDeploymentPostprocessing = 0;
		};
		309745FC28691BEE00FF5C2E /* Sources */ = {
			isa = PBXSourcesBuildPhase;
			buildActionMask = 2147483647;
			files = (
				3097460528691BEE00FF5C2E /* VirtualTouristUITests.swift in Sources */,
				3097460728691BEE00FF5C2E /* VirtualTouristUITestsLaunchTests.swift in Sources */,
			);
			runOnlyForDeploymentPostprocessing = 0;
		};
/* End PBXSourcesBuildPhase section */

/* Begin PBXTargetDependency section */
		309745F828691BEE00FF5C2E /* PBXTargetDependency */ = {
			isa = PBXTargetDependency;
			target = 309745DF28691BED00FF5C2E /* VirtualTourist */;
			targetProxy = 309745F728691BEE00FF5C2E /* PBXContainerItemProxy */;
		};
		3097460228691BEE00FF5C2E /* PBXTargetDependency */ = {
			isa = PBXTargetDependency;
			target = 309745DF28691BED00FF5C2E /* VirtualTourist */;
			targetProxy = 3097460128691BEE00FF5C2E /* PBXContainerItemProxy */;
		};
/* End PBXTargetDependency section */

/* Begin PBXVariantGroup section */
		309745E928691BED00FF5C2E /* Main.storyboard */ = {
			isa = PBXVariantGroup;
			children = (
				309745EA28691BED00FF5C2E /* Base */,
			);
			name = Main.storyboard;
			sourceTree = "<group>";
		};
		309745EE28691BEE00FF5C2E /* LaunchScreen.storyboard */ = {
			isa = PBXVariantGroup;
			children = (
				309745EF28691BEE00FF5C2E /* Base */,
			);
			name = LaunchScreen.storyboard;
			sourceTree = "<group>";
		};
/* End PBXVariantGroup section */

/* Begin XCBuildConfiguration section */
		3097460828691BEE00FF5C2E /* Debug */ = {
			isa = XCBuildConfiguration;
			buildSettings = {
				ALWAYS_SEARCH_USER_PATHS = NO;
				CLANG_ANALYZER_NONNULL = YES;
				CLANG_ANALYZER_NUMBER_OBJECT_CONVERSION = YES_AGGRESSIVE;
				CLANG_CXX_LANGUAGE_STANDARD = "gnu++17";
				CLANG_ENABLE_MODULES = YES;
				CLANG_ENABLE_OBJC_ARC = YES;
				CLANG_ENABLE_OBJC_WEAK = YES;
				CLANG_WARN_BLOCK_CAPTURE_AUTORELEASING = YES;
				CLANG_WARN_BOOL_CONVERSION = YES;
				CLANG_WARN_COMMA = YES;
				CLANG_WARN_CONSTANT_CONVERSION = YES;
				CLANG_WARN_DEPRECATED_OBJC_IMPLEMENTATIONS = YES;
				CLANG_WARN_DIRECT_OBJC_ISA_USAGE = YES_ERROR;
				CLANG_WARN_DOCUMENTATION_COMMENTS = YES;
				CLANG_WARN_EMPTY_BODY = YES;
				CLANG_WARN_ENUM_CONVERSION = YES;
				CLANG_WARN_INFINITE_RECURSION = YES;
				CLANG_WARN_INT_CONVERSION = YES;
				CLANG_WARN_NON_LITERAL_NULL_CONVERSION = YES;
				CLANG_WARN_OBJC_IMPLICIT_RETAIN_SELF = YES;
				CLANG_WARN_OBJC_LITERAL_CONVERSION = YES;
				CLANG_WARN_OBJC_ROOT_CLASS = YES_ERROR;
				CLANG_WARN_QUOTED_INCLUDE_IN_FRAMEWORK_HEADER = YES;
				CLANG_WARN_RANGE_LOOP_ANALYSIS = YES;
				CLANG_WARN_STRICT_PROTOTYPES = YES;
				CLANG_WARN_SUSPICIOUS_MOVE = YES;
				CLANG_WARN_UNGUARDED_AVAILABILITY = YES_AGGRESSIVE;
				CLANG_WARN_UNREACHABLE_CODE = YES;
				CLANG_WARN__DUPLICATE_METHOD_MATCH = YES;
				COPY_PHASE_STRIP = NO;
				DEBUG_INFORMATION_FORMAT = dwarf;
				ENABLE_STRICT_OBJC_MSGSEND = YES;
				ENABLE_TESTABILITY = YES;
				GCC_C_LANGUAGE_STANDARD = gnu11;
				GCC_DYNAMIC_NO_PIC = NO;
				GCC_NO_COMMON_BLOCKS = YES;
				GCC_OPTIMIZATION_LEVEL = 0;
				GCC_PREPROCESSOR_DEFINITIONS = (
					"DEBUG=1",
					"$(inherited)",
				);
				GCC_WARN_64_TO_32_BIT_CONVERSION = YES;
				GCC_WARN_ABOUT_RETURN_TYPE = YES_ERROR;
				GCC_WARN_UNDECLARED_SELECTOR = YES;
				GCC_WARN_UNINITIALIZED_AUTOS = YES_AGGRESSIVE;
				GCC_WARN_UNUSED_FUNCTION = YES;
				GCC_WARN_UNUSED_VARIABLE = YES;
				IPHONEOS_DEPLOYMENT_TARGET = 15.5;
				MTL_ENABLE_DEBUG_INFO = INCLUDE_SOURCE;
				MTL_FAST_MATH = YES;
				ONLY_ACTIVE_ARCH = YES;
				SDKROOT = iphoneos;
				SWIFT_ACTIVE_COMPILATION_CONDITIONS = DEBUG;
				SWIFT_OPTIMIZATION_LEVEL = "-Onone";
			};
			name = Debug;
		};
		3097460928691BEE00FF5C2E /* Release */ = {
			isa = XCBuildConfiguration;
			buildSettings = {
				ALWAYS_SEARCH_USER_PATHS = NO;
				CLANG_ANALYZER_NONNULL = YES;
				CLANG_ANALYZER_NUMBER_OBJECT_CONVERSION = YES_AGGRESSIVE;
				CLANG_CXX_LANGUAGE_STANDARD = "gnu++17";
				CLANG_ENABLE_MODULES = YES;
				CLANG_ENABLE_OBJC_ARC = YES;
				CLANG_ENABLE_OBJC_WEAK = YES;
				CLANG_WARN_BLOCK_CAPTURE_AUTORELEASING = YES;
				CLANG_WARN_BOOL_CONVERSION = YES;
				CLANG_WARN_COMMA = YES;
				CLANG_WARN_CONSTANT_CONVERSION = YES;
				CLANG_WARN_DEPRECATED_OBJC_IMPLEMENTATIONS = YES;
				CLANG_WARN_DIRECT_OBJC_ISA_USAGE = YES_ERROR;
				CLANG_WARN_DOCUMENTATION_COMMENTS = YES;
				CLANG_WARN_EMPTY_BODY = YES;
				CLANG_WARN_ENUM_CONVERSION = YES;
				CLANG_WARN_INFINITE_RECURSION = YES;
				CLANG_WARN_INT_CONVERSION = YES;
				CLANG_WARN_NON_LITERAL_NULL_CONVERSION = YES;
				CLANG_WARN_OBJC_IMPLICIT_RETAIN_SELF = YES;
				CLANG_WARN_OBJC_LITERAL_CONVERSION = YES;
				CLANG_WARN_OBJC_ROOT_CLASS = YES_ERROR;
				CLANG_WARN_QUOTED_INCLUDE_IN_FRAMEWORK_HEADER = YES;
				CLANG_WARN_RANGE_LOOP_ANALYSIS = YES;
				CLANG_WARN_STRICT_PROTOTYPES = YES;
				CLANG_WARN_SUSPICIOUS_MOVE = YES;
				CLANG_WARN_UNGUARDED_AVAILABILITY = YES_AGGRESSIVE;
				CLANG_WARN_UNREACHABLE_CODE = YES;
				CLANG_WARN__DUPLICATE_METHOD_MATCH = YES;
				COPY_PHASE_STRIP = NO;
				DEBUG_INFORMATION_FORMAT = "dwarf-with-dsym";
				ENABLE_NS_ASSERTIONS = NO;
				ENABLE_STRICT_OBJC_MSGSEND = YES;
				GCC_C_LANGUAGE_STANDARD = gnu11;
				GCC_NO_COMMON_BLOCKS = YES;
				GCC_WARN_64_TO_32_BIT_CONVERSION = YES;
				GCC_WARN_ABOUT_RETURN_TYPE = YES_ERROR;
				GCC_WARN_UNDECLARED_SELECTOR = YES;
				GCC_WARN_UNINITIALIZED_AUTOS = YES_AGGRESSIVE;
				GCC_WARN_UNUSED_FUNCTION = YES;
				GCC_WARN_UNUSED_VARIABLE = YES;
				IPHONEOS_DEPLOYMENT_TARGET = 15.5;
				MTL_ENABLE_DEBUG_INFO = NO;
				MTL_FAST_MATH = YES;
				SDKROOT = iphoneos;
				SWIFT_COMPILATION_MODE = wholemodule;
				SWIFT_OPTIMIZATION_LEVEL = "-O";
				VALIDATE_PRODUCT = YES;
			};
			name = Release;
		};
		3097460B28691BEE00FF5C2E /* Debug */ = {
			isa = XCBuildConfiguration;
			buildSettings = {
				ASSETCATALOG_COMPILER_APPICON_NAME = AppIcon;
				ASSETCATALOG_COMPILER_GLOBAL_ACCENT_COLOR_NAME = AccentColor;
				CODE_SIGN_STYLE = Automatic;
				CURRENT_PROJECT_VERSION = 1;
				DEVELOPMENT_TEAM = FN5VW63KQX;
				GENERATE_INFOPLIST_FILE = YES;
				INFOPLIST_FILE = VirtualTourist/Info.plist;
				INFOPLIST_KEY_UIApplicationSupportsIndirectInputEvents = YES;
				INFOPLIST_KEY_UILaunchStoryboardName = LaunchScreen;
				INFOPLIST_KEY_UIMainStoryboardFile = Main;
				INFOPLIST_KEY_UISupportedInterfaceOrientations_iPad = "UIInterfaceOrientationPortrait UIInterfaceOrientationPortraitUpsideDown UIInterfaceOrientationLandscapeLeft UIInterfaceOrientationLandscapeRight";
				INFOPLIST_KEY_UISupportedInterfaceOrientations_iPhone = "UIInterfaceOrientationPortrait UIInterfaceOrientationLandscapeLeft UIInterfaceOrientationLandscapeRight";
				LD_RUNPATH_SEARCH_PATHS = (
					"$(inherited)",
					"@executable_path/Frameworks",
				);
				MARKETING_VERSION = 1.0;
				PRODUCT_BUNDLE_IDENTIFIER = com.salcidoconsulting.VirtualTourist;
				PRODUCT_NAME = "$(TARGET_NAME)";
				SWIFT_EMIT_LOC_STRINGS = YES;
				SWIFT_VERSION = 5.0;
				TARGETED_DEVICE_FAMILY = "1,2";
			};
			name = Debug;
		};
		3097460C28691BEE00FF5C2E /* Release */ = {
			isa = XCBuildConfiguration;
			buildSettings = {
				ASSETCATALOG_COMPILER_APPICON_NAME = AppIcon;
				ASSETCATALOG_COMPILER_GLOBAL_ACCENT_COLOR_NAME = AccentColor;
				CODE_SIGN_STYLE = Automatic;
				CURRENT_PROJECT_VERSION = 1;
				DEVELOPMENT_TEAM = FN5VW63KQX;
				GENERATE_INFOPLIST_FILE = YES;
				INFOPLIST_FILE = VirtualTourist/Info.plist;
				INFOPLIST_KEY_UIApplicationSupportsIndirectInputEvents = YES;
				INFOPLIST_KEY_UILaunchStoryboardName = LaunchScreen;
				INFOPLIST_KEY_UIMainStoryboardFile = Main;
				INFOPLIST_KEY_UISupportedInterfaceOrientations_iPad = "UIInterfaceOrientationPortrait UIInterfaceOrientationPortraitUpsideDown UIInterfaceOrientationLandscapeLeft UIInterfaceOrientationLandscapeRight";
				INFOPLIST_KEY_UISupportedInterfaceOrientations_iPhone = "UIInterfaceOrientationPortrait UIInterfaceOrientationLandscapeLeft UIInterfaceOrientationLandscapeRight";
				LD_RUNPATH_SEARCH_PATHS = (
					"$(inherited)",
					"@executable_path/Frameworks",
				);
				MARKETING_VERSION = 1.0;
				PRODUCT_BUNDLE_IDENTIFIER = com.salcidoconsulting.VirtualTourist;
				PRODUCT_NAME = "$(TARGET_NAME)";
				SWIFT_EMIT_LOC_STRINGS = YES;
				SWIFT_VERSION = 5.0;
				TARGETED_DEVICE_FAMILY = "1,2";
			};
			name = Release;
		};
		3097460E28691BEE00FF5C2E /* Debug */ = {
			isa = XCBuildConfiguration;
			buildSettings = {
				ALWAYS_EMBED_SWIFT_STANDARD_LIBRARIES = YES;
				BUNDLE_LOADER = "$(TEST_HOST)";
				CODE_SIGN_STYLE = Automatic;
				CURRENT_PROJECT_VERSION = 1;
				DEVELOPMENT_TEAM = FN5VW63KQX;
				GENERATE_INFOPLIST_FILE = YES;
				IPHONEOS_DEPLOYMENT_TARGET = 15.5;
				MARKETING_VERSION = 1.0;
				PRODUCT_BUNDLE_IDENTIFIER = com.salcidoconsulting.VirtualTouristTests;
				PRODUCT_NAME = "$(TARGET_NAME)";
				SWIFT_EMIT_LOC_STRINGS = NO;
				SWIFT_VERSION = 5.0;
				TARGETED_DEVICE_FAMILY = "1,2";
				TEST_HOST = "$(BUILT_PRODUCTS_DIR)/VirtualTourist.app/VirtualTourist";
			};
			name = Debug;
		};
		3097460F28691BEE00FF5C2E /* Release */ = {
			isa = XCBuildConfiguration;
			buildSettings = {
				ALWAYS_EMBED_SWIFT_STANDARD_LIBRARIES = YES;
				BUNDLE_LOADER = "$(TEST_HOST)";
				CODE_SIGN_STYLE = Automatic;
				CURRENT_PROJECT_VERSION = 1;
				DEVELOPMENT_TEAM = FN5VW63KQX;
				GENERATE_INFOPLIST_FILE = YES;
				IPHONEOS_DEPLOYMENT_TARGET = 15.5;
				MARKETING_VERSION = 1.0;
				PRODUCT_BUNDLE_IDENTIFIER = com.salcidoconsulting.VirtualTouristTests;
				PRODUCT_NAME = "$(TARGET_NAME)";
				SWIFT_EMIT_LOC_STRINGS = NO;
				SWIFT_VERSION = 5.0;
				TARGETED_DEVICE_FAMILY = "1,2";
				TEST_HOST = "$(BUILT_PRODUCTS_DIR)/VirtualTourist.app/VirtualTourist";
			};
			name = Release;
		};
		3097461128691BEE00FF5C2E /* Debug */ = {
			isa = XCBuildConfiguration;
			buildSettings = {
				ALWAYS_EMBED_SWIFT_STANDARD_LIBRARIES = YES;
				CODE_SIGN_STYLE = Automatic;
				CURRENT_PROJECT_VERSION = 1;
				DEVELOPMENT_TEAM = FN5VW63KQX;
				GENERATE_INFOPLIST_FILE = YES;
				MARKETING_VERSION = 1.0;
				PRODUCT_BUNDLE_IDENTIFIER = com.salcidoconsulting.VirtualTouristUITests;
				PRODUCT_NAME = "$(TARGET_NAME)";
				SWIFT_EMIT_LOC_STRINGS = NO;
				SWIFT_VERSION = 5.0;
				TARGETED_DEVICE_FAMILY = "1,2";
				TEST_TARGET_NAME = VirtualTourist;
			};
			name = Debug;
		};
		3097461228691BEE00FF5C2E /* Release */ = {
			isa = XCBuildConfiguration;
			buildSettings = {
				ALWAYS_EMBED_SWIFT_STANDARD_LIBRARIES = YES;
				CODE_SIGN_STYLE = Automatic;
				CURRENT_PROJECT_VERSION = 1;
				DEVELOPMENT_TEAM = FN5VW63KQX;
				GENERATE_INFOPLIST_FILE = YES;
				MARKETING_VERSION = 1.0;
				PRODUCT_BUNDLE_IDENTIFIER = com.salcidoconsulting.VirtualTouristUITests;
				PRODUCT_NAME = "$(TARGET_NAME)";
				SWIFT_EMIT_LOC_STRINGS = NO;
				SWIFT_VERSION = 5.0;
				TARGETED_DEVICE_FAMILY = "1,2";
				TEST_TARGET_NAME = VirtualTourist;
			};
			name = Release;
		};
/* End XCBuildConfiguration section */

/* Begin XCConfigurationList section */
		309745DB28691BED00FF5C2E /* Build configuration list for PBXProject "VirtualTourist" */ = {
			isa = XCConfigurationList;
			buildConfigurations = (
				3097460828691BEE00FF5C2E /* Debug */,
				3097460928691BEE00FF5C2E /* Release */,
			);
			defaultConfigurationIsVisible = 0;
			defaultConfigurationName = Release;
		};
		3097460A28691BEE00FF5C2E /* Build configuration list for PBXNativeTarget "VirtualTourist" */ = {
			isa = XCConfigurationList;
			buildConfigurations = (
				3097460B28691BEE00FF5C2E /* Debug */,
				3097460C28691BEE00FF5C2E /* Release */,
			);
			defaultConfigurationIsVisible = 0;
			defaultConfigurationName = Release;
		};
		3097460D28691BEE00FF5C2E /* Build configuration list for PBXNativeTarget "VirtualTouristTests" */ = {
			isa = XCConfigurationList;
			buildConfigurations = (
				3097460E28691BEE00FF5C2E /* Debug */,
				3097460F28691BEE00FF5C2E /* Release */,
			);
			defaultConfigurationIsVisible = 0;
			defaultConfigurationName = Release;
		};
		3097461028691BEE00FF5C2E /* Build configuration list for PBXNativeTarget "VirtualTouristUITests" */ = {
			isa = XCConfigurationList;
			buildConfigurations = (
				3097461128691BEE00FF5C2E /* Debug */,
				3097461228691BEE00FF5C2E /* Release */,
			);
			defaultConfigurationIsVisible = 0;
			defaultConfigurationName = Release;
		};
/* End XCConfigurationList section */

/* Begin XCVersionGroup section */
		3097461F2869235D00FF5C2E /* FlickrDataModel.xcdatamodeld */ = {
			isa = XCVersionGroup;
			children = (
				309746202869235D00FF5C2E /* FlickrDataModel.xcdatamodel */,
			);
			currentVersion = 309746202869235D00FF5C2E /* FlickrDataModel.xcdatamodel */;
			path = FlickrDataModel.xcdatamodeld;
			sourceTree = "<group>";
			versionGroupType = wrapper.xcdatamodel;
		};
/* End XCVersionGroup section */
	};
	rootObject = 309745D828691BED00FF5C2E /* Project object */;
}
